{
  "name": "chicago-data-viz-leaflet-workshop",
  "version": "0.0.1",
  "lockfileVersion": 1,
  "requires": true,
  "dependencies": {
    "@babel/runtime-corejs2": {
      "version": "7.3.1",
      "resolved": "https://registry.npmjs.org/@babel/runtime-corejs2/-/runtime-corejs2-7.3.1.tgz",
      "integrity": "sha512-YpO13776h3e6Wy8dl2J8T9Qwlvopr+b4trCEhHE+yek6yIqV8sx6g3KozdHMbXeBpjosbPi+Ii5Z7X9oXFHUKA==",
      "requires": {
        "core-js": "^2.5.7",
        "regenerator-runtime": "^0.12.0"
      }
    },
    "citysdk": {
      "version": "2.0.7",
      "resolved": "https://registry.npmjs.org/citysdk/-/citysdk-2.0.7.tgz",
      "integrity": "sha512-zW+7W/jc9DLPyb7Uw4xVGWNW+A8paKtoW6FglI95B+LSGoRdUbtevUE5etXEJ8h5vJpMpaf0kF8uPyzjDRPCNw==",
      "requires": {
        "xmlhttprequest": "^1.8.0",
        "xregexp": "^4.2.0"
      }
    },
    "core-js": {
      "version": "2.6.5",
      "resolved": "https://registry.npmjs.org/core-js/-/core-js-2.6.5.tgz",
      "integrity": "sha512-klh/kDpwX8hryYL14M9w/xei6vrv6sE8gTHDG7/T/+SEovB/G4ejwcfE/CBzO6Edsu+OETZMZ3wcX/EjUkrl5A=="
    },
    "esm": {
      "version": "3.2.5",
      "resolved": "https://registry.npmjs.org/esm/-/esm-3.2.5.tgz",
      "integrity": "sha512-rukU6Nd3agbHQCJWV4rrlZxqpbO3ix8qhUxK1BhKALGS2E465O0BFwgCOqJjNnYfO/I2MwpUBmPsW8DXoe8tcA=="
    },
    "node-fetch": {
      "version": "2.3.0",
      "resolved": "https://registry.npmjs.org/node-fetch/-/node-fetch-2.3.0.tgz",
      "integrity": "sha512-MOd8pV3fxENbryESLgVIeaGKrdl+uaYhCSSVkjeOb/31/njTpcis5aWfdqgNlHIrKOLRbMnfPINPOML2CIFeXA=="
    },
    "regenerator-runtime": {
      "version": "0.12.1",
      "resolved": "https://registry.npmjs.org/regenerator-runtime/-/regenerator-runtime-0.12.1.tgz",
      "integrity": "sha512-odxIc1/vDlo4iZcfXqRYFj0vpXFNoGdKMAUieAlFYO6m/nl5e9KR/beGf41z4a1FI+aQgtjhuaSlDxQ0hmkrHg=="
    },
    "xmlhttprequest": {
      "version": "1.8.0",
      "resolved": "https://registry.npmjs.org/xmlhttprequest/-/xmlhttprequest-1.8.0.tgz",
      "integrity": "sha1-Z/4HXFwk/vOfnWX197f+dRcZaPw="
    },
    "xregexp": {
      "version": "4.2.4",
      "resolved": "https://registry.npmjs.org/xregexp/-/xregexp-4.2.4.tgz",
      "integrity": "sha512-sO0bYdYeJAJBcJA8g7MJJX7UrOZIfJPd8U2SC7B2Dd/J24U0aQNoGp33shCaBSWeb0rD5rh6VBUIXOkGal1TZA==",
      "requires": {
        "@babel/runtime-corejs2": "^7.2.0"
      }
    }
  }
}
